
Microsoft Visual Studio Solution File, Format Version 12.00
# Visual Studio Version 16
VisualStudioVersion = 16.0.30907.101
MinimumVisualStudioVersion = 10.0.40219.1
Project("{FAE04EC0-301F-11D3-BF4B-00C04F79EFBC}") = "Polizia", "Polizia\Polizia.csproj", "{472AAC20-1C74-4610-8A03-565BA6A34E14}"
EndProject
Global
	GlobalSection(SolutionConfigurationPlatforms) = preSolution
		Debug|Any CPU = Debug|Any CPU
		Release|Any CPU = Release|Any CPU
	EndGlobalSection
	GlobalSection(ProjectConfigurationPlatforms) = postSolution
		{472AAC20-1C74-4610-8A03-565BA6A34E14}.Debug|Any CPU.ActiveCfg = Debug|Any CPU
		{472AAC20-1C74-4610-8A03-565BA6A34E14}.Debug|Any CPU.Build.0 = Debug|Any CPU
		{472AAC20-1C74-4610-8A03-565BA6A34E14}.Release|Any CPU.ActiveCfg = Release|Any CPU
		{472AAC20-1C74-4610-8A03-565BA6A34E14}.Release|Any CPU.Build.0 = Release|Any CPU
	EndGlobalSection
	GlobalSection(SolutionProperties) = preSolution
		HideSolutionNode = FALSE
	EndGlobalSection
	GlobalSection(ExtensibilityGlobals) = postSolution
		SolutionGuid = {17C519D2-9FCD-4628-BAE9-2CBF82B0569A}
	EndGlobalSection
EndGlobal
